// !$*UTF8*$!
{
	archiveVersion = 1;
	classes = {
	};
	objectVersion = 46;
	objects = {

/* Begin PBXBuildFile section */
		B20275931B5D8C290057F006 /* SweetAlert.swift in Sources */ = {isa = PBXBuildFile; fileRef = B20275921B5D8C290057F006 /* SweetAlert.swift */; };
		B20275991B5D9A990057F006 /* MBProgressHUD.m in Sources */ = {isa = PBXBuildFile; fileRef = B20275981B5D9A990057F006 /* MBProgressHUD.m */; };
		B281700E1B59C56300041B9F /* AppDelegate.swift in Sources */ = {isa = PBXBuildFile; fileRef = B281700D1B59C56300041B9F /* AppDelegate.swift */; };
		B28170101B59C56300041B9F /* ViewController.swift in Sources */ = {isa = PBXBuildFile; fileRef = B281700F1B59C56300041B9F /* ViewController.swift */; };
		B28170131B59C56300041B9F /* Main.storyboard in Resources */ = {isa = PBXBuildFile; fileRef = B28170111B59C56300041B9F /* Main.storyboard */; };
		B28170151B59C56300041B9F /* Images.xcassets in Resources */ = {isa = PBXBuildFile; fileRef = B28170141B59C56300041B9F /* Images.xcassets */; };
		B28170181B59C56300041B9F /* LaunchScreen.xib in Resources */ = {isa = PBXBuildFile; fileRef = B28170161B59C56300041B9F /* LaunchScreen.xib */; };
		B28170241B59C56300041B9F /* ArchiTriviaTests.swift in Sources */ = {isa = PBXBuildFile; fileRef = B28170231B59C56300041B9F /* ArchiTriviaTests.swift */; };
		B281703C1B59C58D00041B9F /* Alamofire.framework in Frameworks */ = {isa = PBXBuildFile; fileRef = B28170351B59C57C00041B9F /* Alamofire.framework */; };
		B281703D1B59C5A200041B9F /* Alamofire.framework in Frameworks */ = {isa = PBXBuildFile; fileRef = B28170351B59C57C00041B9F /* Alamofire.framework */; };
		B281703E1B59C5A200041B9F /* Alamofire.framework in Embed Frameworks */ = {isa = PBXBuildFile; fileRef = B28170351B59C57C00041B9F /* Alamofire.framework */; settings = {ATTRIBUTES = (CodeSignOnCopy, RemoveHeadersOnCopy, ); }; };
		B281706B1B59C62A00041B9F /* Challenge.swift in Sources */ = {isa = PBXBuildFile; fileRef = B28170611B59C62A00041B9F /* Challenge.swift */; };
		B281706C1B59C62A00041B9F /* ChallengeTableViewCell.swift in Sources */ = {isa = PBXBuildFile; fileRef = B28170621B59C62A00041B9F /* ChallengeTableViewCell.swift */; };
		B281706D1B59C62A00041B9F /* Constants.swift in Sources */ = {isa = PBXBuildFile; fileRef = B28170631B59C62A00041B9F /* Constants.swift */; };
		B281706E1B59C62A00041B9F /* Contacts-25.png in Resources */ = {isa = PBXBuildFile; fileRef = B28170641B59C62A00041B9F /* Contacts-25.png */; };
		B281706F1B59C62A00041B9F /* DrawerViewController.swift in Sources */ = {isa = PBXBuildFile; fileRef = B28170651B59C62A00041B9F /* DrawerViewController.swift */; };
		B28170701B59C62A00041B9F /* Friend.swift in Sources */ = {isa = PBXBuildFile; fileRef = B28170661B59C62A00041B9F /* Friend.swift */; };
		B28170711B59C62A00041B9F /* FriendsTableViewCell.swift in Sources */ = {isa = PBXBuildFile; fileRef = B28170671B59C62A00041B9F /* FriendsTableViewCell.swift */; };
		B28170721B59C62A00041B9F /* MainScreenViewController.swift in Sources */ = {isa = PBXBuildFile; fileRef = B28170681B59C62A00041B9F /* MainScreenViewController.swift */; };
		B28170741B59C62A00041B9F /* QuestionViewController.swift in Sources */ = {isa = PBXBuildFile; fileRef = B281706A1B59C62A00041B9F /* QuestionViewController.swift */; };
		B281707C1B59C68D00041B9F /* Bolts.framework in Frameworks */ = {isa = PBXBuildFile; fileRef = B28170751B59C68D00041B9F /* Bolts.framework */; };
		B281707D1B59C68D00041B9F /* FacebookSDKStrings.bundle in Resources */ = {isa = PBXBuildFile; fileRef = B28170761B59C68D00041B9F /* FacebookSDKStrings.bundle */; };
		B281707E1B59C68D00041B9F /* FBAudienceNetwork.framework in Frameworks */ = {isa = PBXBuildFile; fileRef = B28170771B59C68D00041B9F /* FBAudienceNetwork.framework */; };
		B281707F1B59C68D00041B9F /* FBSDKCoreKit.framework in Frameworks */ = {isa = PBXBuildFile; fileRef = B28170781B59C68D00041B9F /* FBSDKCoreKit.framework */; };
		B28170801B59C68D00041B9F /* FBSDKLoginKit.framework in Frameworks */ = {isa = PBXBuildFile; fileRef = B28170791B59C68D00041B9F /* FBSDKLoginKit.framework */; };
		B28170811B59C68D00041B9F /* FBSDKMessengerShareKit.framework in Frameworks */ = {isa = PBXBuildFile; fileRef = B281707A1B59C68D00041B9F /* FBSDKMessengerShareKit.framework */; };
		B28170821B59C68D00041B9F /* FBSDKShareKit.framework in Frameworks */ = {isa = PBXBuildFile; fileRef = B281707B1B59C68D00041B9F /* FBSDKShareKit.framework */; };
		B281708E1B59C6A700041B9F /* MMDrawerBarButtonItem.m in Sources */ = {isa = PBXBuildFile; fileRef = B28170841B59C6A700041B9F /* MMDrawerBarButtonItem.m */; };
		B281708F1B59C6A700041B9F /* MMDrawerController.m in Sources */ = {isa = PBXBuildFile; fileRef = B28170861B59C6A700041B9F /* MMDrawerController.m */; };
		B28170901B59C6A700041B9F /* MMDrawerController+Storyboard.m in Sources */ = {isa = PBXBuildFile; fileRef = B28170881B59C6A700041B9F /* MMDrawerController+Storyboard.m */; };
		B28170911B59C6A700041B9F /* MMDrawerVisualState.m in Sources */ = {isa = PBXBuildFile; fileRef = B281708B1B59C6A700041B9F /* MMDrawerVisualState.m */; };
		B28170921B59C6A700041B9F /* UIViewController+MMDrawerController.m in Sources */ = {isa = PBXBuildFile; fileRef = B281708D1B59C6A700041B9F /* UIViewController+MMDrawerController.m */; };
		B281709A1B59C8C400041B9F /* FriendsTableViewController.swift in Sources */ = {isa = PBXBuildFile; fileRef = B28170991B59C8C400041B9F /* FriendsTableViewController.swift */; };
/* End PBXBuildFile section */

/* Begin PBXContainerItemProxy section */
		B281701E1B59C56300041B9F /* PBXContainerItemProxy */ = {
			isa = PBXContainerItemProxy;
			containerPortal = B28170001B59C56300041B9F /* Project object */;
			proxyType = 1;
			remoteGlobalIDString = B28170071B59C56300041B9F;
			remoteInfo = ArchiTrivia;
		};
		B28170341B59C57C00041B9F /* PBXContainerItemProxy */ = {
			isa = PBXContainerItemProxy;
			containerPortal = B281702D1B59C57C00041B9F /* Alamofire.xcodeproj */;
			proxyType = 2;
			remoteGlobalIDString = F8111E3319A95C8B0040E7D1;
			remoteInfo = "Alamofire iOS";
		};
		B28170361B59C57C00041B9F /* PBXContainerItemProxy */ = {
			isa = PBXContainerItemProxy;
			containerPortal = B281702D1B59C57C00041B9F /* Alamofire.xcodeproj */;
			proxyType = 2;
			remoteGlobalIDString = 4DD67C0B1A5C55C900ED2280;
			remoteInfo = "Alamofire OSX";
		};
		B28170381B59C57C00041B9F /* PBXContainerItemProxy */ = {
			isa = PBXContainerItemProxy;
			containerPortal = B281702D1B59C57C00041B9F /* Alamofire.xcodeproj */;
			proxyType = 2;
			remoteGlobalIDString = F8111E3E19A95C8B0040E7D1;
			remoteInfo = "Alamofire iOS Tests";
		};
		B281703A1B59C57C00041B9F /* PBXContainerItemProxy */ = {
			isa = PBXContainerItemProxy;
			containerPortal = B281702D1B59C57C00041B9F /* Alamofire.xcodeproj */;
			proxyType = 2;
			remoteGlobalIDString = F829C6B21A7A94F100A2CD59;
			remoteInfo = "Alamofire OSX Tests";
		};
		B281703F1B59C5A200041B9F /* PBXContainerItemProxy */ = {
			isa = PBXContainerItemProxy;
			containerPortal = B281702D1B59C57C00041B9F /* Alamofire.xcodeproj */;
			proxyType = 1;
			remoteGlobalIDString = F8111E3219A95C8B0040E7D1;
			remoteInfo = "Alamofire iOS";
		};
/* End PBXContainerItemProxy section */

/* Begin PBXCopyFilesBuildPhase section */
		B28170411B59C5A200041B9F /* Embed Frameworks */ = {
			isa = PBXCopyFilesBuildPhase;
			buildActionMask = 2147483647;
			dstPath = "";
			dstSubfolderSpec = 10;
			files = (
				B281703E1B59C5A200041B9F /* Alamofire.framework in Embed Frameworks */,
			);
			name = "Embed Frameworks";
			runOnlyForDeploymentPostprocessing = 0;
		};
/* End PBXCopyFilesBuildPhase section */

/* Begin PBXFileReference section */
		B20275921B5D8C290057F006 /* SweetAlert.swift */ = {isa = PBXFileReference; fileEncoding = 4; lastKnownFileType = sourcecode.swift; path = SweetAlert.swift; sourceTree = "<group>"; };
		B20275971B5D9A990057F006 /* MBProgressHUD.h */ = {isa = PBXFileReference; fileEncoding = 4; lastKnownFileType = sourcecode.c.h; path = MBProgressHUD.h; sourceTree = "<group>"; };
		B20275981B5D9A990057F006 /* MBProgressHUD.m */ = {isa = PBXFileReference; fileEncoding = 4; lastKnownFileType = sourcecode.c.objc; path = MBProgressHUD.m; sourceTree = "<group>"; };
		B28170081B59C56300041B9F /* ArchiTrivia.app */ = {isa = PBXFileReference; explicitFileType = wrapper.application; includeInIndex = 0; path = ArchiTrivia.app; sourceTree = BUILT_PRODUCTS_DIR; };
		B281700C1B59C56300041B9F /* Info.plist */ = {isa = PBXFileReference; lastKnownFileType = text.plist.xml; path = Info.plist; sourceTree = "<group>"; };
		B281700D1B59C56300041B9F /* AppDelegate.swift */ = {isa = PBXFileReference; lastKnownFileType = sourcecode.swift; path = AppDelegate.swift; sourceTree = "<group>"; };
		B281700F1B59C56300041B9F /* ViewController.swift */ = {isa = PBXFileReference; lastKnownFileType = sourcecode.swift; path = ViewController.swift; sourceTree = "<group>"; };
		B28170121B59C56300041B9F /* Base */ = {isa = PBXFileReference; lastKnownFileType = file.storyboard; name = Base; path = Base.lproj/Main.storyboard; sourceTree = "<group>"; };
		B28170141B59C56300041B9F /* Images.xcassets */ = {isa = PBXFileReference; lastKnownFileType = folder.assetcatalog; path = Images.xcassets; sourceTree = "<group>"; };
		B28170171B59C56300041B9F /* Base */ = {isa = PBXFileReference; lastKnownFileType = file.xib; name = Base; path = Base.lproj/LaunchScreen.xib; sourceTree = "<group>"; };
		B281701D1B59C56300041B9F /* ArchiTriviaTests.xctest */ = {isa = PBXFileReference; explicitFileType = wrapper.cfbundle; includeInIndex = 0; path = ArchiTriviaTests.xctest; sourceTree = BUILT_PRODUCTS_DIR; };
		B28170221B59C56300041B9F /* Info.plist */ = {isa = PBXFileReference; lastKnownFileType = text.plist.xml; path = Info.plist; sourceTree = "<group>"; };
		B28170231B59C56300041B9F /* ArchiTriviaTests.swift */ = {isa = PBXFileReference; lastKnownFileType = sourcecode.swift; path = ArchiTriviaTests.swift; sourceTree = "<group>"; };
		B281702D1B59C57C00041B9F /* Alamofire.xcodeproj */ = {isa = PBXFileReference; lastKnownFileType = "wrapper.pb-project"; name = Alamofire.xcodeproj; path = "../../Downloads/Alamofire-master 3/Alamofire.xcodeproj"; sourceTree = "<group>"; };
		B28170601B59C62A00041B9F /* Bridging-Header.h */ = {isa = PBXFileReference; fileEncoding = 4; lastKnownFileType = sourcecode.c.h; path = "Bridging-Header.h"; sourceTree = "<group>"; };
		B28170611B59C62A00041B9F /* Challenge.swift */ = {isa = PBXFileReference; fileEncoding = 4; lastKnownFileType = sourcecode.swift; path = Challenge.swift; sourceTree = "<group>"; };
		B28170621B59C62A00041B9F /* ChallengeTableViewCell.swift */ = {isa = PBXFileReference; fileEncoding = 4; lastKnownFileType = sourcecode.swift; path = ChallengeTableViewCell.swift; sourceTree = "<group>"; };
		B28170631B59C62A00041B9F /* Constants.swift */ = {isa = PBXFileReference; fileEncoding = 4; lastKnownFileType = sourcecode.swift; path = Constants.swift; sourceTree = "<group>"; };
		B28170641B59C62A00041B9F /* Contacts-25.png */ = {isa = PBXFileReference; lastKnownFileType = image.png; path = "Contacts-25.png"; sourceTree = "<group>"; };
		B28170651B59C62A00041B9F /* DrawerViewController.swift */ = {isa = PBXFileReference; fileEncoding = 4; lastKnownFileType = sourcecode.swift; path = DrawerViewController.swift; sourceTree = "<group>"; };
		B28170661B59C62A00041B9F /* Friend.swift */ = {isa = PBXFileReference; fileEncoding = 4; lastKnownFileType = sourcecode.swift; path = Friend.swift; sourceTree = "<group>"; };
		B28170671B59C62A00041B9F /* FriendsTableViewCell.swift */ = {isa = PBXFileReference; fileEncoding = 4; lastKnownFileType = sourcecode.swift; path = FriendsTableViewCell.swift; sourceTree = "<group>"; };
		B28170681B59C62A00041B9F /* MainScreenViewController.swift */ = {isa = PBXFileReference; fileEncoding = 4; lastKnownFileType = sourcecode.swift; path = MainScreenViewController.swift; sourceTree = "<group>"; };
		B281706A1B59C62A00041B9F /* QuestionViewController.swift */ = {isa = PBXFileReference; fileEncoding = 4; lastKnownFileType = sourcecode.swift; path = QuestionViewController.swift; sourceTree = "<group>"; };
		B28170751B59C68D00041B9F /* Bolts.framework */ = {isa = PBXFileReference; lastKnownFileType = wrapper.framework; name = Bolts.framework; path = ../../Documents/FacebookSDK/Bolts.framework; sourceTree = "<group>"; };
		B28170761B59C68D00041B9F /* FacebookSDKStrings.bundle */ = {isa = PBXFileReference; lastKnownFileType = "wrapper.plug-in"; name = FacebookSDKStrings.bundle; path = ../../Documents/FacebookSDK/FacebookSDKStrings.bundle; sourceTree = "<group>"; };
		B28170771B59C68D00041B9F /* FBAudienceNetwork.framework */ = {isa = PBXFileReference; lastKnownFileType = wrapper.framework; name = FBAudienceNetwork.framework; path = ../../Documents/FacebookSDK/FBAudienceNetwork.framework; sourceTree = "<group>"; };
		B28170781B59C68D00041B9F /* FBSDKCoreKit.framework */ = {isa = PBXFileReference; lastKnownFileType = wrapper.framework; name = FBSDKCoreKit.framework; path = ../../Documents/FacebookSDK/FBSDKCoreKit.framework; sourceTree = "<group>"; };
		B28170791B59C68D00041B9F /* FBSDKLoginKit.framework */ = {isa = PBXFileReference; lastKnownFileType = wrapper.framework; name = FBSDKLoginKit.framework; path = ../../Documents/FacebookSDK/FBSDKLoginKit.framework; sourceTree = "<group>"; };
		B281707A1B59C68D00041B9F /* FBSDKMessengerShareKit.framework */ = {isa = PBXFileReference; lastKnownFileType = wrapper.framework; name = FBSDKMessengerShareKit.framework; path = ../../Documents/FacebookSDK/FBSDKMessengerShareKit.framework; sourceTree = "<group>"; };
		B281707B1B59C68D00041B9F /* FBSDKShareKit.framework */ = {isa = PBXFileReference; lastKnownFileType = wrapper.framework; name = FBSDKShareKit.framework; path = ../../Documents/FacebookSDK/FBSDKShareKit.framework; sourceTree = "<group>"; };
		B28170831B59C6A700041B9F /* MMDrawerBarButtonItem.h */ = {isa = PBXFileReference; fileEncoding = 4; lastKnownFileType = sourcecode.c.h; name = MMDrawerBarButtonItem.h; path = MMDrawerController/MMDrawerBarButtonItem.h; sourceTree = "<group>"; };
		B28170841B59C6A700041B9F /* MMDrawerBarButtonItem.m */ = {isa = PBXFileReference; fileEncoding = 4; lastKnownFileType = sourcecode.c.objc; name = MMDrawerBarButtonItem.m; path = MMDrawerController/MMDrawerBarButtonItem.m; sourceTree = "<group>"; };
		B28170851B59C6A700041B9F /* MMDrawerController.h */ = {isa = PBXFileReference; fileEncoding = 4; lastKnownFileType = sourcecode.c.h; name = MMDrawerController.h; path = MMDrawerController/MMDrawerController.h; sourceTree = "<group>"; };
		B28170861B59C6A700041B9F /* MMDrawerController.m */ = {isa = PBXFileReference; fileEncoding = 4; lastKnownFileType = sourcecode.c.objc; name = MMDrawerController.m; path = MMDrawerController/MMDrawerController.m; sourceTree = "<group>"; };
		B28170871B59C6A700041B9F /* MMDrawerController+Storyboard.h */ = {isa = PBXFileReference; fileEncoding = 4; lastKnownFileType = sourcecode.c.h; name = "MMDrawerController+Storyboard.h"; path = "MMDrawerController/MMDrawerController+Storyboard.h"; sourceTree = "<group>"; };
		B28170881B59C6A700041B9F /* MMDrawerController+Storyboard.m */ = {isa = PBXFileReference; fileEncoding = 4; lastKnownFileType = sourcecode.c.objc; name = "MMDrawerController+Storyboard.m"; path = "MMDrawerController/MMDrawerController+Storyboard.m"; sourceTree = "<group>"; };
		B28170891B59C6A700041B9F /* MMDrawerController+Subclass.h */ = {isa = PBXFileReference; fileEncoding = 4; lastKnownFileType = sourcecode.c.h; name = "MMDrawerController+Subclass.h"; path = "MMDrawerController/MMDrawerController+Subclass.h"; sourceTree = "<group>"; };
		B281708A1B59C6A700041B9F /* MMDrawerVisualState.h */ = {isa = PBXFileReference; fileEncoding = 4; lastKnownFileType = sourcecode.c.h; name = MMDrawerVisualState.h; path = MMDrawerController/MMDrawerVisualState.h; sourceTree = "<group>"; };
		B281708B1B59C6A700041B9F /* MMDrawerVisualState.m */ = {isa = PBXFileReference; fileEncoding = 4; lastKnownFileType = sourcecode.c.objc; name = MMDrawerVisualState.m; path = MMDrawerController/MMDrawerVisualState.m; sourceTree = "<group>"; };
		B281708C1B59C6A700041B9F /* UIViewController+MMDrawerController.h */ = {isa = PBXFileReference; fileEncoding = 4; lastKnownFileType = sourcecode.c.h; name = "UIViewController+MMDrawerController.h"; path = "MMDrawerController/UIViewController+MMDrawerController.h"; sourceTree = "<group>"; };
		B281708D1B59C6A700041B9F /* UIViewController+MMDrawerController.m */ = {isa = PBXFileReference; fileEncoding = 4; lastKnownFileType = sourcecode.c.objc; name = "UIViewController+MMDrawerController.m"; path = "MMDrawerController/UIViewController+MMDrawerController.m"; sourceTree = "<group>"; };
		B28170991B59C8C400041B9F /* FriendsTableViewController.swift */ = {isa = PBXFileReference; fileEncoding = 4; lastKnownFileType = sourcecode.swift; path = FriendsTableViewController.swift; sourceTree = "<group>"; };
/* End PBXFileReference section */

/* Begin PBXFrameworksBuildPhase section */
		B28170051B59C56300041B9F /* Frameworks */ = {
			isa = PBXFrameworksBuildPhase;
			buildActionMask = 2147483647;
			files = (
				B28170821B59C68D00041B9F /* FBSDKShareKit.framework in Frameworks */,
				B281707F1B59C68D00041B9F /* FBSDKCoreKit.framework in Frameworks */,
				B281707C1B59C68D00041B9F /* Bolts.framework in Frameworks */,
				B28170801B59C68D00041B9F /* FBSDKLoginKit.framework in Frameworks */,
				B281703C1B59C58D00041B9F /* Alamofire.framework in Frameworks */,
				B281703D1B59C5A200041B9F /* Alamofire.framework in Frameworks */,
				B281707E1B59C68D00041B9F /* FBAudienceNetwork.framework in Frameworks */,
				B28170811B59C68D00041B9F /* FBSDKMessengerShareKit.framework in Frameworks */,
			);
			runOnlyForDeploymentPostprocessing = 0;
		};
		B281701A1B59C56300041B9F /* Frameworks */ = {
			isa = PBXFrameworksBuildPhase;
			buildActionMask = 2147483647;
			files = (
			);
			runOnlyForDeploymentPostprocessing = 0;
		};
/* End PBXFrameworksBuildPhase section */

/* Begin PBXGroup section */
		B2816FFF1B59C56300041B9F = {
			isa = PBXGroup;
			children = (
				B28170931B59C6D700041B9F /* Frameworks */,
				B281700A1B59C56300041B9F /* ArchiTrivia */,
				B28170201B59C56300041B9F /* ArchiTriviaTests */,
				B28170091B59C56300041B9F /* Products */,
				B281702D1B59C57C00041B9F /* Alamofire.xcodeproj */,
			);
			sourceTree = "<group>";
		};
		B28170091B59C56300041B9F /* Products */ = {
			isa = PBXGroup;
			children = (
				B28170081B59C56300041B9F /* ArchiTrivia.app */,
				B281701D1B59C56300041B9F /* ArchiTriviaTests.xctest */,
			);
			name = Products;
			sourceTree = "<group>";
		};
		B281700A1B59C56300041B9F /* ArchiTrivia */ = {
			isa = PBXGroup;
			children = (
				B28170981B59C73700041B9F /* Models */,
				B28170961B59C71400041B9F /* ViewControllers */,
				B28170941B59C6E900041B9F /* Libraries */,
				B281700D1B59C56300041B9F /* AppDelegate.swift */,
				B28170111B59C56300041B9F /* Main.storyboard */,
				B28170141B59C56300041B9F /* Images.xcassets */,
				B28170161B59C56300041B9F /* LaunchScreen.xib */,
				B28170601B59C62A00041B9F /* Bridging-Header.h */,
				B281700B1B59C56300041B9F /* Supporting Files */,
			);
			path = ArchiTrivia;
			sourceTree = "<group>";
		};
		B281700B1B59C56300041B9F /* Supporting Files */ = {
			isa = PBXGroup;
			children = (
				B281700C1B59C56300041B9F /* Info.plist */,
			);
			name = "Supporting Files";
			sourceTree = "<group>";
		};
		B28170201B59C56300041B9F /* ArchiTriviaTests */ = {
			isa = PBXGroup;
			children = (
				B28170231B59C56300041B9F /* ArchiTriviaTests.swift */,
				B28170211B59C56300041B9F /* Supporting Files */,
			);
			path = ArchiTriviaTests;
			sourceTree = "<group>";
		};
		B28170211B59C56300041B9F /* Supporting Files */ = {
			isa = PBXGroup;
			children = (
				B28170221B59C56300041B9F /* Info.plist */,
			);
			name = "Supporting Files";
			sourceTree = "<group>";
		};
		B281702E1B59C57C00041B9F /* Products */ = {
			isa = PBXGroup;
			children = (
				B28170351B59C57C00041B9F /* Alamofire.framework */,
				B28170371B59C57C00041B9F /* Alamofire.framework */,
				B28170391B59C57C00041B9F /* Alamofire iOS Tests.xctest */,
				B281703B1B59C57C00041B9F /* Alamofire OSX Tests.xctest */,
			);
			name = Products;
			sourceTree = "<group>";
		};
		B28170931B59C6D700041B9F /* Frameworks */ = {
			isa = PBXGroup;
			children = (
				B28170751B59C68D00041B9F /* Bolts.framework */,
				B28170761B59C68D00041B9F /* FacebookSDKStrings.bundle */,
				B28170771B59C68D00041B9F /* FBAudienceNetwork.framework */,
				B28170781B59C68D00041B9F /* FBSDKCoreKit.framework */,
				B28170791B59C68D00041B9F /* FBSDKLoginKit.framework */,
				B281707A1B59C68D00041B9F /* FBSDKMessengerShareKit.framework */,
				B281707B1B59C68D00041B9F /* FBSDKShareKit.framework */,
			);
			name = Frameworks;
			sourceTree = "<group>";
		};
		B28170941B59C6E900041B9F /* Libraries */ = {
			isa = PBXGroup;
			children = (
				B20275971B5D9A990057F006 /* MBProgressHUD.h */,
				B20275981B5D9A990057F006 /* MBProgressHUD.m */,
				B20275921B5D8C290057F006 /* SweetAlert.swift */,
				B28170641B59C62A00041B9F /* Contacts-25.png */,
				B28170951B59C6F600041B9F /* MMDrawerController */,
			);
			name = Libraries;
			sourceTree = "<group>";
		};
		B28170951B59C6F600041B9F /* MMDrawerController */ = {
			isa = PBXGroup;
			children = (
				B28170831B59C6A700041B9F /* MMDrawerBarButtonItem.h */,
				B28170841B59C6A700041B9F /* MMDrawerBarButtonItem.m */,
				B28170851B59C6A700041B9F /* MMDrawerController.h */,
				B28170861B59C6A700041B9F /* MMDrawerController.m */,
				B28170871B59C6A700041B9F /* MMDrawerController+Storyboard.h */,
				B28170881B59C6A700041B9F /* MMDrawerController+Storyboard.m */,
				B28170891B59C6A700041B9F /* MMDrawerController+Subclass.h */,
				B281708A1B59C6A700041B9F /* MMDrawerVisualState.h */,
				B281708B1B59C6A700041B9F /* MMDrawerVisualState.m */,
				B281708C1B59C6A700041B9F /* UIViewController+MMDrawerController.h */,
				B281708D1B59C6A700041B9F /* UIViewController+MMDrawerController.m */,
			);
			name = MMDrawerController;
			sourceTree = "<group>";
		};
		B28170961B59C71400041B9F /* ViewControllers */ = {
			isa = PBXGroup;
			children = (
				B28170971B59C72900041B9F /* Cells */,
				B28170651B59C62A00041B9F /* DrawerViewController.swift */,
				B28170681B59C62A00041B9F /* MainScreenViewController.swift */,
				B281706A1B59C62A00041B9F /* QuestionViewController.swift */,
				B281700F1B59C56300041B9F /* ViewController.swift */,
				B28170991B59C8C400041B9F /* FriendsTableViewController.swift */,
			);
			name = ViewControllers;
			sourceTree = "<group>";
		};
		B28170971B59C72900041B9F /* Cells */ = {
			isa = PBXGroup;
			children = (
				B28170621B59C62A00041B9F /* ChallengeTableViewCell.swift */,
				B28170671B59C62A00041B9F /* FriendsTableViewCell.swift */,
			);
			name = Cells;
			sourceTree = "<group>";
		};
		B28170981B59C73700041B9F /* Models */ = {
			isa = PBXGroup;
			children = (
				B28170611B59C62A00041B9F /* Challenge.swift */,
				B28170631B59C62A00041B9F /* Constants.swift */,
				B28170661B59C62A00041B9F /* Friend.swift */,
			);
			name = Models;
			sourceTree = "<group>";
		};
/* End PBXGroup section */

/* Begin PBXNativeTarget section */
		B28170071B59C56300041B9F /* ArchiTrivia */ = {
			isa = PBXNativeTarget;
			buildConfigurationList = B28170271B59C56300041B9F /* Build configuration list for PBXNativeTarget "ArchiTrivia" */;
			buildPhases = (
				B28170041B59C56300041B9F /* Sources */,
				B28170051B59C56300041B9F /* Frameworks */,
				B28170061B59C56300041B9F /* Resources */,
				B28170411B59C5A200041B9F /* Embed Frameworks */,
			);
			buildRules = (
			);
			dependencies = (
				B28170401B59C5A200041B9F /* PBXTargetDependency */,
			);
			name = ArchiTrivia;
			productName = ArchiTrivia;
			productReference = B28170081B59C56300041B9F /* ArchiTrivia.app */;
			productType = "com.apple.product-type.application";
		};
		B281701C1B59C56300041B9F /* ArchiTriviaTests */ = {
			isa = PBXNativeTarget;
			buildConfigurationList = B281702A1B59C56300041B9F /* Build configuration list for PBXNativeTarget "ArchiTriviaTests" */;
			buildPhases = (
				B28170191B59C56300041B9F /* Sources */,
				B281701A1B59C56300041B9F /* Frameworks */,
				B281701B1B59C56300041B9F /* Resources */,
			);
			buildRules = (
			);
			dependencies = (
				B281701F1B59C56300041B9F /* PBXTargetDependency */,
			);
			name = ArchiTriviaTests;
			productName = ArchiTriviaTests;
			productReference = B281701D1B59C56300041B9F /* ArchiTriviaTests.xctest */;
			productType = "com.apple.product-type.bundle.unit-test";
		};
/* End PBXNativeTarget section */

/* Begin PBXProject section */
		B28170001B59C56300041B9F /* Project object */ = {
			isa = PBXProject;
			attributes = {
				LastUpgradeCheck = 0640;
				ORGANIZATIONNAME = "Cem Eteke";
				TargetAttributes = {
					B28170071B59C56300041B9F = {
						CreatedOnToolsVersion = 6.4;
					};
					B281701C1B59C56300041B9F = {
						CreatedOnToolsVersion = 6.4;
						TestTargetID = B28170071B59C56300041B9F;
					};
				};
			};
			buildConfigurationList = B28170031B59C56300041B9F /* Build configuration list for PBXProject "ArchiTrivia" */;
			compatibilityVersion = "Xcode 3.2";
			developmentRegion = English;
			hasScannedForEncodings = 0;
			knownRegions = (
				en,
				Base,
			);
			mainGroup = B2816FFF1B59C56300041B9F;
			productRefGroup = B28170091B59C56300041B9F /* Products */;
			projectDirPath = "";
			projectReferences = (
				{
					ProductGroup = B281702E1B59C57C00041B9F /* Products */;
					ProjectRef = B281702D1B59C57C00041B9F /* Alamofire.xcodeproj */;
				},
			);
			projectRoot = "";
			targets = (
				B28170071B59C56300041B9F /* ArchiTrivia */,
				B281701C1B59C56300041B9F /* ArchiTriviaTests */,
			);
		};
/* End PBXProject section */

/* Begin PBXReferenceProxy section */
		B28170351B59C57C00041B9F /* Alamofire.framework */ = {
			isa = PBXReferenceProxy;
			fileType = wrapper.framework;
			path = Alamofire.framework;
			remoteRef = B28170341B59C57C00041B9F /* PBXContainerItemProxy */;
			sourceTree = BUILT_PRODUCTS_DIR;
		};
		B28170371B59C57C00041B9F /* Alamofire.framework */ = {
			isa = PBXReferenceProxy;
			fileType = wrapper.framework;
			path = Alamofire.framework;
			remoteRef = B28170361B59C57C00041B9F /* PBXContainerItemProxy */;
			sourceTree = BUILT_PRODUCTS_DIR;
		};
		B28170391B59C57C00041B9F /* Alamofire iOS Tests.xctest */ = {
			isa = PBXReferenceProxy;
			fileType = wrapper.cfbundle;
			path = "Alamofire iOS Tests.xctest";
			remoteRef = B28170381B59C57C00041B9F /* PBXContainerItemProxy */;
			sourceTree = BUILT_PRODUCTS_DIR;
		};
		B281703B1B59C57C00041B9F /* Alamofire OSX Tests.xctest */ = {
			isa = PBXReferenceProxy;
			fileType = wrapper.cfbundle;
			path = "Alamofire OSX Tests.xctest";
			remoteRef = B281703A1B59C57C00041B9F /* PBXContainerItemProxy */;
			sourceTree = BUILT_PRODUCTS_DIR;
		};
/* End PBXReferenceProxy section */

/* Begin PBXResourcesBuildPhase section */
		B28170061B59C56300041B9F /* Resources */ = {
			isa = PBXResourcesBuildPhase;
			buildActionMask = 2147483647;
			files = (
				B28170131B59C56300041B9F /* Main.storyboard in Resources */,
				B281706E1B59C62A00041B9F /* Contacts-25.png in Resources */,
				B28170181B59C56300041B9F /* LaunchScreen.xib in Resources */,
				B281707D1B59C68D00041B9F /* FacebookSDKStrings.bundle in Resources */,
				B28170151B59C56300041B9F /* Images.xcassets in Resources */,
			);
			runOnlyForDeploymentPostprocessing = 0;
		};
		B281701B1B59C56300041B9F /* Resources */ = {
			isa = PBXResourcesBuildPhase;
			buildActionMask = 2147483647;
			files = (
			);
			runOnlyForDeploymentPostprocessing = 0;
		};
/* End PBXResourcesBuildPhase section */

/* Begin PBXSourcesBuildPhase section */
		B28170041B59C56300041B9F /* Sources */ = {
			isa = PBXSourcesBuildPhase;
			buildActionMask = 2147483647;
			files = (
				B281706D1B59C62A00041B9F /* Constants.swift in Sources */,
				B28170701B59C62A00041B9F /* Friend.swift in Sources */,
				B28170101B59C56300041B9F /* ViewController.swift in Sources */,
				B28170921B59C6A700041B9F /* UIViewController+MMDrawerController.m in Sources */,
				B20275931B5D8C290057F006 /* SweetAlert.swift in Sources */,
				B281708E1B59C6A700041B9F /* MMDrawerBarButtonItem.m in Sources */,
				B28170711B59C62A00041B9F /* FriendsTableViewCell.swift in Sources */,
				B281706C1B59C62A00041B9F /* ChallengeTableViewCell.swift in Sources */,
				B28170911B59C6A700041B9F /* MMDrawerVisualState.m in Sources */,
				B281706B1B59C62A00041B9F /* Challenge.swift in Sources */,
				B28170741B59C62A00041B9F /* QuestionViewController.swift in Sources */,
				B281709A1B59C8C400041B9F /* FriendsTableViewController.swift in Sources */,
				B281700E1B59C56300041B9F /* AppDelegate.swift in Sources */,
				B20275991B5D9A990057F006 /* MBProgressHUD.m in Sources */,
				B281706F1B59C62A00041B9F /* DrawerViewController.swift in Sources */,
				B281708F1B59C6A700041B9F /* MMDrawerController.m in Sources */,
				B28170721B59C62A00041B9F /* MainScreenViewController.swift in Sources */,
				B28170901B59C6A700041B9F /* MMDrawerController+Storyboard.m in Sources */,
			);
			runOnlyForDeploymentPostprocessing = 0;
		};
		B28170191B59C56300041B9F /* Sources */ = {
			isa = PBXSourcesBuildPhase;
			buildActionMask = 2147483647;
			files = (
				B28170241B59C56300041B9F /* ArchiTriviaTests.swift in Sources */,
			);
			runOnlyForDeploymentPostprocessing = 0;
		};
/* End PBXSourcesBuildPhase section */

/* Begin PBXTargetDependency section */
		B281701F1B59C56300041B9F /* PBXTargetDependency */ = {
			isa = PBXTargetDependency;
			target = B28170071B59C56300041B9F /* ArchiTrivia */;
			targetProxy = B281701E1B59C56300041B9F /* PBXContainerItemProxy */;
		};
		B28170401B59C5A200041B9F /* PBXTargetDependency */ = {
			isa = PBXTargetDependency;
			name = "Alamofire iOS";
			targetProxy = B281703F1B59C5A200041B9F /* PBXContainerItemProxy */;
		};
/* End PBXTargetDependency section */

/* Begin PBXVariantGroup section */
		B28170111B59C56300041B9F /* Main.storyboard */ = {
			isa = PBXVariantGroup;
			children = (
				B28170121B59C56300041B9F /* Base */,
			);
			name = Main.storyboard;
			sourceTree = "<group>";
		};
		B28170161B59C56300041B9F /* LaunchScreen.xib */ = {
			isa = PBXVariantGroup;
			children = (
				B28170171B59C56300041B9F /* Base */,
			);
			name = LaunchScreen.xib;
			sourceTree = "<group>";
		};
/* End PBXVariantGroup section */

/* Begin XCBuildConfiguration section */
		B28170251B59C56300041B9F /* Debug */ = {
			isa = XCBuildConfiguration;
			buildSettings = {
				ALWAYS_SEARCH_USER_PATHS = NO;
				CLANG_CXX_LANGUAGE_STANDARD = "gnu++0x";
				CLANG_CXX_LIBRARY = "libc++";
				CLANG_ENABLE_MODULES = YES;
				CLANG_ENABLE_OBJC_ARC = YES;
				CLANG_WARN_BOOL_CONVERSION = YES;
				CLANG_WARN_CONSTANT_CONVERSION = YES;
				CLANG_WARN_DIRECT_OBJC_ISA_USAGE = YES_ERROR;
				CLANG_WARN_EMPTY_BODY = YES;
				CLANG_WARN_ENUM_CONVERSION = YES;
				CLANG_WARN_INT_CONVERSION = YES;
				CLANG_WARN_OBJC_ROOT_CLASS = YES_ERROR;
				CLANG_WARN_UNREACHABLE_CODE = YES;
				CLANG_WARN__DUPLICATE_METHOD_MATCH = YES;
				"CODE_SIGN_IDENTITY[sdk=iphoneos*]" = "iPhone Developer";
				COPY_PHASE_STRIP = NO;
				DEBUG_INFORMATION_FORMAT = "dwarf-with-dsym";
				ENABLE_STRICT_OBJC_MSGSEND = YES;
				GCC_C_LANGUAGE_STANDARD = gnu99;
				GCC_DYNAMIC_NO_PIC = NO;
				GCC_NO_COMMON_BLOCKS = YES;
				GCC_OPTIMIZATION_LEVEL = 0;
				GCC_PREPROCESSOR_DEFINITIONS = (
					"DEBUG=1",
					"$(inherited)",
				);
				GCC_SYMBOLS_PRIVATE_EXTERN = NO;
				GCC_WARN_64_TO_32_BIT_CONVERSION = YES;
				GCC_WARN_ABOUT_RETURN_TYPE = YES_ERROR;
				GCC_WARN_UNDECLARED_SELECTOR = YES;
				GCC_WARN_UNINITIALIZED_AUTOS = YES_AGGRESSIVE;
				GCC_WARN_UNUSED_FUNCTION = YES;
				GCC_WARN_UNUSED_VARIABLE = YES;
				IPHONEOS_DEPLOYMENT_TARGET = 8.4;
				MTL_ENABLE_DEBUG_INFO = YES;
				ONLY_ACTIVE_ARCH = YES;
				SDKROOT = iphoneos;
				SWIFT_OPTIMIZATION_LEVEL = "-Onone";
				TARGETED_DEVICE_FAMILY = "1,2";
			};
			name = Debug;
		};
		B28170261B59C56300041B9F /* Release */ = {
			isa = XCBuildConfiguration;
			buildSettings = {
				ALWAYS_SEARCH_USER_PATHS = NO;
				CLANG_CXX_LANGUAGE_STANDARD = "gnu++0x";
				CLANG_CXX_LIBRARY = "libc++";
				CLANG_ENABLE_MODULES = YES;
				CLANG_ENABLE_OBJC_ARC = YES;
				CLANG_WARN_BOOL_CONVERSION = YES;
				CLANG_WARN_CONSTANT_CONVERSION = YES;
				CLANG_WARN_DIRECT_OBJC_ISA_USAGE = YES_ERROR;
				CLANG_WARN_EMPTY_BODY = YES;
				CLANG_WARN_ENUM_CONVERSION = YES;
				CLANG_WARN_INT_CONVERSION = YES;
				CLANG_WARN_OBJC_ROOT_CLASS = YES_ERROR;
				CLANG_WARN_UNREACHABLE_CODE = YES;
				CLANG_WARN__DUPLICATE_METHOD_MATCH = YES;
				"CODE_SIGN_IDENTITY[sdk=iphoneos*]" = "iPhone Developer";
				COPY_PHASE_STRIP = NO;
				DEBUG_INFORMATION_FORMAT = "dwarf-with-dsym";
				ENABLE_NS_ASSERTIONS = NO;
				ENABLE_STRICT_OBJC_MSGSEND = YES;
				GCC_C_LANGUAGE_STANDARD = gnu99;
				GCC_NO_COMMON_BLOCKS = YES;
				GCC_WARN_64_TO_32_BIT_CONVERSION = YES;
				GCC_WARN_ABOUT_RETURN_TYPE = YES_ERROR;
				GCC_WARN_UNDECLARED_SELECTOR = YES;
				GCC_WARN_UNINITIALIZED_AUTOS = YES_AGGRESSIVE;
				GCC_WARN_UNUSED_FUNCTION = YES;
				GCC_WARN_UNUSED_VARIABLE = YES;
				IPHONEOS_DEPLOYMENT_TARGET = 8.4;
				MTL_ENABLE_DEBUG_INFO = NO;
				SDKROOT = iphoneos;
				TARGETED_DEVICE_FAMILY = "1,2";
				VALIDATE_PRODUCT = YES;
			};
			name = Release;
		};
		B28170281B59C56300041B9F /* Debug */ = {
			isa = XCBuildConfiguration;
			buildSettings = {
				ASSETCATALOG_COMPILER_APPICON_NAME = AppIcon;
				FRAMEWORK_SEARCH_PATHS = (
					"$(inherited)",
					/Users/cem/Documents/FacebookSDK,
				);
				INFOPLIST_FILE = ArchiTrivia/Info.plist;
				LD_RUNPATH_SEARCH_PATHS = "$(inherited) @executable_path/Frameworks";
				PRODUCT_NAME = "$(TARGET_NAME)";
				SWIFT_OBJC_BRIDGING_HEADER = "/Users/cem/Desktop/ArchiTrivia/ArchiTrivia/Bridging-Header.h";
			};
			name = Debug;
		};
		B28170291B59C56300041B9F /* Release */ = {
			isa = XCBuildConfiguration;
			buildSettings = {
				ASSETCATALOG_COMPILER_APPICON_NAME = AppIcon;
				FRAMEWORK_SEARCH_PATHS = (
					"$(inherited)",
					/Users/cem/Documents/FacebookSDK,
				);
				INFOPLIST_FILE = ArchiTrivia/Info.plist;
				LD_RUNPATH_SEARCH_PATHS = "$(inherited) @executable_path/Frameworks";
				PRODUCT_NAME = "$(TARGET_NAME)";
				SWIFT_OBJC_BRIDGING_HEADER = "/Users/cem/Desktop/ArchiTrivia/ArchiTrivia/Bridging-Header.h";
			};
			name = Release;
		};
		B281702B1B59C56300041B9F /* Debug */ = {
			isa = XCBuildConfiguration;
			buildSettings = {
				BUNDLE_LOADER = "$(TEST_HOST)";
				FRAMEWORK_SEARCH_PATHS = (
					"$(SDKROOT)/Developer/Library/Frameworks",
					"$(inherited)",
				);
				GCC_PREPROCESSOR_DEFINITIONS = (
					"DEBUG=1",
					"$(inherited)",
				);
				INFOPLIST_FILE = ArchiTriviaTests/Info.plist;
				LD_RUNPATH_SEARCH_PATHS = "$(inherited) @executable_path/Frameworks @loader_path/Frameworks";
				PRODUCT_NAME = "$(TARGET_NAME)";
				TEST_HOST = "$(BUILT_PRODUCTS_DIR)/ArchiTrivia.app/ArchiTrivia";
			};
			name = Debug;
		};
		B281702C1B59C56300041B9F /* Release */ = {
			isa = XCBuildConfiguration;
			buildSettings = {
				BUNDLE_LOADER = "$(TEST_HOST)";
				FRAMEWORK_SEARCH_PATHS = (
					"$(SDKROOT)/Developer/Library/Frameworks",
					"$(inherited)",
				);
				INFOPLIST_FILE = ArchiTriviaTests/Info.plist;
				LD_RUNPATH_SEARCH_PATHS = "$(inherited) @executable_path/Frameworks @loader_path/Frameworks";
				PRODUCT_NAME = "$(TARGET_NAME)";
				TEST_HOST = "$(BUILT_PRODUCTS_DIR)/ArchiTrivia.app/ArchiTrivia";
			};
			name = Release;
		};
/* End XCBuildConfiguration section */

/* Begin XCConfigurationList section */
		B28170031B59C56300041B9F /* Build configuration list for PBXProject "ArchiTrivia" */ = {
			isa = XCConfigurationList;
			buildConfigurations = (
				B28170251B59C56300041B9F /* Debug */,
				B28170261B59C56300041B9F /* Release */,
			);
			defaultConfigurationIsVisible = 0;
			defaultConfigurationName = Release;
		};
		B28170271B59C56300041B9F /* Build configuration list for PBXNativeTarget "ArchiTrivia" */ = {
			isa = XCConfigurationList;
			buildConfigurations = (
				B28170281B59C56300041B9F /* Debug */,
				B28170291B59C56300041B9F /* Release */,
			);
			defaultConfigurationIsVisible = 0;
			defaultConfigurationName = Release;
		};
		B281702A1B59C56300041B9F /* Build configuration list for PBXNativeTarget "ArchiTriviaTests" */ = {
			isa = XCConfigurationList;
			buildConfigurations = (
				B281702B1B59C56300041B9F /* Debug */,
				B281702C1B59C56300041B9F /* Release */,
			);
			defaultConfigurationIsVisible = 0;
			defaultConfigurationName = Release;
		};
/* End XCConfigurationList section */
	};
	rootObject = B28170001B59C56300041B9F /* Project object */;
}
